
Microsoft Visual Studio Solution File, Format Version 12.00
# Visual Studio Version 17
VisualStudioVersion = 17.7.34221.43
MinimumVisualStudioVersion = 10.0.40219.1
Project("{FAE04EC0-301F-11D3-BF4B-00C04F79EFBC}") = "AllForRent", "AllForRent\AllForRent.csproj", "{590025D7-458D-434B-B610-ACCA9B6770DF}"
EndProject
Global
	GlobalSection(SolutionConfigurationPlatforms) = preSolution
		Debug|Any CPU = Debug|Any CPU
		Release|Any CPU = Release|Any CPU
	EndGlobalSection
	GlobalSection(ProjectConfigurationPlatforms) = postSolution
		{590025D7-458D-434B-B610-ACCA9B6770DF}.Debug|Any CPU.ActiveCfg = Debug|Any CPU
		{590025D7-458D-434B-B610-ACCA9B6770DF}.Debug|Any CPU.Build.0 = Debug|Any CPU
		{590025D7-458D-434B-B610-ACCA9B6770DF}.Release|Any CPU.ActiveCfg = Release|Any CPU
		{590025D7-458D-434B-B610-ACCA9B6770DF}.Release|Any CPU.Build.0 = Release|Any CPU
	EndGlobalSection
	GlobalSection(SolutionProperties) = preSolution
		HideSolutionNode = FALSE
	EndGlobalSection
	GlobalSection(ExtensibilityGlobals) = postSolution
		SolutionGuid = {D2393674-F687-4F14-A404-0BA62377FE00}
	EndGlobalSection
EndGlobal
